{
  "meteor": {
    "git": "https://github.com/meteor/meteor.git",
    "tag": "v0.5.9",
    "commit": "45fef52095bb6726cc1b2f05008ad891c446100a"
  },
  "dependencies": {
    "basePackages": {
      "bootboxjs": {},
      "toastjs": {}
    },
    "packages": {
      "bootboxjs": {
        "git": "https://github.com/TimHeckel/meteor-bootboxjs.git",
        "tag": "v0.1.1",
        "commit": "6c46c71a5632eb49b20cd679a5008b7dc9ac39af"
      },
      "toastjs": {
        "git": "https://github.com/srackham/toast.js.git",
        "tag": "v2.0.2",
        "commit": "bf9fd69eedaf8bf835ca08313b42d0995386179c"
      }
    }
  }
}
