{
  "meteor": {
    "git": "https://github.com/meteor/meteor.git",
    "branch": "master",
    "commit": "0ffea1c4c308ed24906984f99b13b8fca5a0956c"
  },
  "dependencies": {
    "basePackages": {
      "bootboxjs": {},
      "toastjs": {}
    },
    "packages": {
      "bootboxjs": {
        "git": "https://github.com/TimHeckel/meteor-bootboxjs.git",
        "tag": "v0.1.1",
        "commit": "6c46c71a5632eb49b20cd679a5008b7dc9ac39af"
      },
      "toastjs": {
        "git": "https://github.com/srackham/toast.js.git",
        "tag": "v2.0.5",
        "commit": "55f5af84be856ab819bdda4135f4203c499cf2d6"
      }
    }
  }
}
